
Microsoft Visual Studio Solution File, Format Version 12.00
# 
Project("{FAE04EC0-301F-11D3-BF4B-00C04F79EFBC}") = "PDF-Generierung", "PDF-Generierung\PDF-Generierung.csproj", "{A416B411-C727-4FCD-B394-489603A52C01}"
EndProject
Project("{FAE04EC0-301F-11D3-BF4B-00C04F79EFBC}") = "PDF-Generierung.Core", "PDF-Generierung.Core\PDF-Generierung.Core.csproj", "{93AD566A-23AC-43FC-BDF6-31541FD40A21}"
EndProject
Global
	GlobalSection(SolutionConfigurationPlatforms) = preSolution
		Debug|Any CPU = Debug|Any CPU
		Release|Any CPU = Release|Any CPU
	EndGlobalSection
	GlobalSection(ProjectConfigurationPlatforms) = postSolution
		{A416B411-C727-4FCD-B394-489603A52C01}.Debug|Any CPU.ActiveCfg = Debug|Any CPU
		{A416B411-C727-4FCD-B394-489603A52C01}.Debug|Any CPU.Build.0 = Debug|Any CPU
		{A416B411-C727-4FCD-B394-489603A52C01}.Release|Any CPU.ActiveCfg = Release|Any CPU
		{A416B411-C727-4FCD-B394-489603A52C01}.Release|Any CPU.Build.0 = Release|Any CPU
		{93AD566A-23AC-43FC-BDF6-31541FD40A21}.Debug|Any CPU.ActiveCfg = Debug|Any CPU
		{93AD566A-23AC-43FC-BDF6-31541FD40A21}.Debug|Any CPU.Build.0 = Debug|Any CPU
		{93AD566A-23AC-43FC-BDF6-31541FD40A21}.Release|Any CPU.ActiveCfg = Release|Any CPU
		{93AD566A-23AC-43FC-BDF6-31541FD40A21}.Release|Any CPU.Build.0 = Release|Any CPU
	EndGlobalSection
EndGlobal
